
Microsoft Visual Studio Solution File, Format Version 12.00
Project("{FAE04EC0-301F-11D3-BF4B-00C04F79EFBC}") = "Laba6", "Laba6\Laba6.csproj", "{18DD6C07-35D3-4424-9F2E-C70F99B17061}"
EndProject
Global
	GlobalSection(SolutionConfigurationPlatforms) = preSolution
		Debug|Any CPU = Debug|Any CPU
		Release|Any CPU = Release|Any CPU
	EndGlobalSection
	GlobalSection(ProjectConfigurationPlatforms) = postSolution
		{18DD6C07-35D3-4424-9F2E-C70F99B17061}.Debug|Any CPU.ActiveCfg = Debug|Any CPU
		{18DD6C07-35D3-4424-9F2E-C70F99B17061}.Debug|Any CPU.Build.0 = Debug|Any CPU
		{18DD6C07-35D3-4424-9F2E-C70F99B17061}.Release|Any CPU.ActiveCfg = Release|Any CPU
		{18DD6C07-35D3-4424-9F2E-C70F99B17061}.Release|Any CPU.Build.0 = Release|Any CPU
	EndGlobalSection
EndGlobal
